{
  "name": "web-components",
  "version": "1.0.0",
  "lockfileVersion": 1,
  "requires": true,
  "dependencies": {
    "hybrids": {
      "version": "5.3.3",
      "resolved": "https://registry.npmjs.org/hybrids/-/hybrids-5.3.3.tgz",
      "integrity": "sha512-J91rOoJnhBllWZS75Tkq2AUL6fjM6xvVKO8Es9+1LVl3zCQ3OL25/vH05GN3otBEiMKNHu4dNrBMIugmx9GiRg=="
    },
    "typescript": {
      "version": "4.3.2",
      "resolved": "https://registry.npmjs.org/typescript/-/typescript-4.3.2.tgz",
      "integrity": "sha512-zZ4hShnmnoVnAHpVHWpTcxdv7dWP60S2FsydQLV8V5PbS3FifjWFFRiHSWpDJahly88PRyV5teTSLoq4eG7mKw=="
    }
  }
}
